{
    "_meta": {
        "hash": {
            "sha256": "c09550ebf65e67d20f70972421db04379ae8c9622cbd3aec79fd69d33c1b78b3"
        },
        "pipfile-spec": 6,
        "requires": {
            "python_version": "3.8"
        },
        "sources": [
            {
                "name": "pypi",
                "url": "https://pypi.python.org/simple",
                "verify_ssl": true
            }
        ]
    },
    "default": {
        "isodate": {
            "hashes": [
                "sha256:2e364a3d5759479cdb2d37cce6b9376ea504db2ff90252a2e5b7cc89cc9ff2d8",
                "sha256:aa4d33c06640f5352aca96e4b81afd8ab3b47337cc12089822d6f322ac772c81"
            ],
            "version": "==0.6.0"
        },
        "owlrl": {
            "hashes": [
                "sha256:0514239bfbf72fa67f3e5813a40bcc5bd88fd16093d9f76b45a0d4c84ee1c5e2",
                "sha256:b1891d75b2c2fb0db9e1504a9b12dab738ed89236414c51393d1030597004342"
            ],
            "version": "==5.2.3"
        },
        "parameterized": {
            "hashes": [
                "sha256:41bbff37d6186430f77f900d777e5bb6a24928a1c46fb1de692f8b52b8833b5c",
                "sha256:9cbb0b69a03e8695d68b3399a8a5825200976536fe1cb79db60ed6a4c8c9efe9"
            ],
            "index": "pypi",
            "version": "==0.8.1"
        },
        "pyparsing": {
            "hashes": [
                "sha256:c203ec8783bf771a155b207279b9bccb8dea02d8f0c9e5f8ead507bc3246ecc1",
                "sha256:ef9d7589ef3c200abe66653d3f1ab1033c3c419ae9b9bdb1240a85b024efc88b"
            ],
            "version": "==2.4.7"
        },
        "pyshacl": {
            "hashes": [
                "sha256:4c1e3792432985acd247e0cdae508540772df237ccd0970a8b7dbd1a1552ca81",
                "sha256:df07c22a60ecc714a1e78455d48c8b646847c2f32d01c6f5ff31fd101bd9e089"
            ],
            "index": "pypi",
            "version": "==0.17.0.post2"
        },
        "rdflib": {
            "hashes": [
                "sha256:a775069ab1c3d38b7e04666603666fb8a31937a4671a5afc91ca136109f8047a",
                "sha256:f071caff0b68634e4a7bd1d66ea3416ac98f1cc3b915938147ea899c32608728"
            ],
            "index": "pypi",
            "version": "==6.0.1"
        },
        "six": {
            "hashes": [
                "sha256:1e61c37477a1626458e36f7b1d82aa5c9b094fa4802892072e49de9c60c4c926",
                "sha256:8abb2f1d86890a2dfb989f9a77cfcfd3e47c2a354b01111771326f8aa26e0254"
            ],
            "version": "==1.16.0"
        }
    },
    "develop": {}
}
